
Microsoft Visual Studio Solution File, Format Version 12.00
# Visual Studio Version 17
VisualStudioVersion = 17.7.34031.279
MinimumVisualStudioVersion = 10.0.40219.1
Project("{FAE04EC0-301F-11D3-BF4B-00C04F79EFBC}") = "less2", "less2.csproj", "{A3EA20FF-50DC-4364-9DB7-69ED9B7709EC}"
EndProject
Global
	GlobalSection(SolutionConfigurationPlatforms) = preSolution
		Debug|Any CPU = Debug|Any CPU
		Release|Any CPU = Release|Any CPU
	EndGlobalSection
	GlobalSection(ProjectConfigurationPlatforms) = postSolution
		{A3EA20FF-50DC-4364-9DB7-69ED9B7709EC}.Debug|Any CPU.ActiveCfg = Debug|Any CPU
		{A3EA20FF-50DC-4364-9DB7-69ED9B7709EC}.Debug|Any CPU.Build.0 = Debug|Any CPU
		{A3EA20FF-50DC-4364-9DB7-69ED9B7709EC}.Release|Any CPU.ActiveCfg = Release|Any CPU
		{A3EA20FF-50DC-4364-9DB7-69ED9B7709EC}.Release|Any CPU.Build.0 = Release|Any CPU
	EndGlobalSection
	GlobalSection(SolutionProperties) = preSolution
		HideSolutionNode = FALSE
	EndGlobalSection
	GlobalSection(ExtensibilityGlobals) = postSolution
		SolutionGuid = {A8FDD000-C015-46E0-ACA9-C4C8BA759C14}
	EndGlobalSection
EndGlobal
